
Microsoft Visual Studio Solution File, Format Version 12.00
# Visual Studio Version 16
VisualStudioVersion = 16.0.30804.86
MinimumVisualStudioVersion = 10.0.40219.1
Project("{9A19103F-16F7-4668-BE54-9A1E7A4F7556}") = "Todominator.Api", "Todominator.Api\Todominator.Api.csproj", "{5D74CD90-3F49-4316-A32F-486127C31A39}"
EndProject
Project("{9A19103F-16F7-4668-BE54-9A1E7A4F7556}") = "Todominator.Core", "Todominator.Core\Todominator.Core.csproj", "{BE801669-DBFA-4D7C-AEFB-926D49A22FAC}"
EndProject
Project("{9A19103F-16F7-4668-BE54-9A1E7A4F7556}") = "Todominator.Business", "Todominator.Business\Todominator.Business.csproj", "{5B7898D6-9FE9-447F-8F2E-C337B1012F1D}"
EndProject
Project("{9A19103F-16F7-4668-BE54-9A1E7A4F7556}") = "Todominator.Repository", "Todominator.Repository\Todominator.Repository.csproj", "{37A698EC-D06E-4A0C-BB13-9C0239BC7718}"
EndProject
Global
	GlobalSection(SolutionConfigurationPlatforms) = preSolution
		Debug|Any CPU = Debug|Any CPU
		Release|Any CPU = Release|Any CPU
	EndGlobalSection
	GlobalSection(ProjectConfigurationPlatforms) = postSolution
		{5D74CD90-3F49-4316-A32F-486127C31A39}.Debug|Any CPU.ActiveCfg = Debug|Any CPU
		{5D74CD90-3F49-4316-A32F-486127C31A39}.Debug|Any CPU.Build.0 = Debug|Any CPU
		{5D74CD90-3F49-4316-A32F-486127C31A39}.Release|Any CPU.ActiveCfg = Release|Any CPU
		{5D74CD90-3F49-4316-A32F-486127C31A39}.Release|Any CPU.Build.0 = Release|Any CPU
		{BE801669-DBFA-4D7C-AEFB-926D49A22FAC}.Debug|Any CPU.ActiveCfg = Debug|Any CPU
		{BE801669-DBFA-4D7C-AEFB-926D49A22FAC}.Debug|Any CPU.Build.0 = Debug|Any CPU
		{BE801669-DBFA-4D7C-AEFB-926D49A22FAC}.Release|Any CPU.ActiveCfg = Release|Any CPU
		{BE801669-DBFA-4D7C-AEFB-926D49A22FAC}.Release|Any CPU.Build.0 = Release|Any CPU
		{5B7898D6-9FE9-447F-8F2E-C337B1012F1D}.Debug|Any CPU.ActiveCfg = Debug|Any CPU
		{5B7898D6-9FE9-447F-8F2E-C337B1012F1D}.Debug|Any CPU.Build.0 = Debug|Any CPU
		{5B7898D6-9FE9-447F-8F2E-C337B1012F1D}.Release|Any CPU.ActiveCfg = Release|Any CPU
		{5B7898D6-9FE9-447F-8F2E-C337B1012F1D}.Release|Any CPU.Build.0 = Release|Any CPU
		{37A698EC-D06E-4A0C-BB13-9C0239BC7718}.Debug|Any CPU.ActiveCfg = Debug|Any CPU
		{37A698EC-D06E-4A0C-BB13-9C0239BC7718}.Debug|Any CPU.Build.0 = Debug|Any CPU
		{37A698EC-D06E-4A0C-BB13-9C0239BC7718}.Release|Any CPU.ActiveCfg = Release|Any CPU
		{37A698EC-D06E-4A0C-BB13-9C0239BC7718}.Release|Any CPU.Build.0 = Release|Any CPU
	EndGlobalSection
	GlobalSection(SolutionProperties) = preSolution
		HideSolutionNode = FALSE
	EndGlobalSection
	GlobalSection(ExtensibilityGlobals) = postSolution
		SolutionGuid = {114D6B1A-B9B7-4D7C-8963-6A9FD85F8025}
	EndGlobalSection
EndGlobal
